
Microsoft Visual Studio Solution File, Format Version 12.00
# Visual Studio Version 17
VisualStudioVersion = 17.8.34330.188
MinimumVisualStudioVersion = 10.0.40219.1
Project("{9A19103F-16F7-4668-BE54-9A1E7A4F7556}") = "GamerMarketApp.Web", "GamerMarketApp.Web.csproj", "{98F8A2ED-8E4E-41A0-88F5-383908DE901F}"
EndProject
Project("{9A19103F-16F7-4668-BE54-9A1E7A4F7556}") = "GamerMarketApp.Data.Models", "..\GamerMarket.Data.Models\GamerMarketApp.Data.Models.csproj", "{ADE822C6-9CCF-4537-882A-5DE11F0CD978}"
EndProject
Project("{2150E333-8FDC-42A3-9474-1A3956D46DE8}") = "Web", "Web", "{BF99D997-75B3-4D62-B0DA-5FB5EF67FB18}"
EndProject
Project("{2150E333-8FDC-42A3-9474-1A3956D46DE8}") = "Data", "Data", "{59F900B6-61EC-4D88-854A-D5A5E0F55FA0}"
EndProject
Project("{9A19103F-16F7-4668-BE54-9A1E7A4F7556}") = "GamerMarketApp.Commons", "..\GamerMarketApp.Commons\GamerMarketApp.Commons.csproj", "{D7620AA9-DB54-486C-AE99-FA87FAC9814F}"
EndProject
Project("{9A19103F-16F7-4668-BE54-9A1E7A4F7556}") = "GamerMarketApp.Data", "..\GamerMarketApp.Data\GamerMarketApp.Data.csproj", "{4689CABE-AD5A-4320-A4E5-B738CEC8A2B8}"
EndProject
Project("{2150E333-8FDC-42A3-9474-1A3956D46DE8}") = "Services", "Services", "{5A545F33-F4D0-4783-BBA5-03263244AC04}"
EndProject
Project("{FAE04EC0-301F-11D3-BF4B-00C04F79EFBC}") = "GamerMarketApp.Web.ViewModels", "..\GamerMarketApp.Web.Models\GamerMarketApp.Web.ViewModels.csproj", "{FBEF5ED6-945F-4D57-9F09-9E1271EB0C90}"
EndProject
Project("{FAE04EC0-301F-11D3-BF4B-00C04F79EFBC}") = "GamerMarketApp.Services.Data", "..\GamerMarketApp.Services.Data\GamerMarketApp.Services.Data.csproj", "{DF63406D-747F-4563-ADBF-932D82908000}"
EndProject
Project("{2150E333-8FDC-42A3-9474-1A3956D46DE8}") = "Tests", "Tests", "{BA6CE1C8-289F-4B98-AE77-59A5DD7F17D6}"
EndProject
Project("{FAE04EC0-301F-11D3-BF4B-00C04F79EFBC}") = "GameMarketApp.Services.Tests", "..\GameMarketApp.Services.Tests\GameMarketApp.Services.Tests.csproj", "{4363736B-FC8B-46B1-8712-B0416A939DD0}"
EndProject
Global
	GlobalSection(SolutionConfigurationPlatforms) = preSolution
		Debug|Any CPU = Debug|Any CPU
		Release|Any CPU = Release|Any CPU
	EndGlobalSection
	GlobalSection(ProjectConfigurationPlatforms) = postSolution
		{98F8A2ED-8E4E-41A0-88F5-383908DE901F}.Debug|Any CPU.ActiveCfg = Debug|Any CPU
		{98F8A2ED-8E4E-41A0-88F5-383908DE901F}.Debug|Any CPU.Build.0 = Debug|Any CPU
		{98F8A2ED-8E4E-41A0-88F5-383908DE901F}.Release|Any CPU.ActiveCfg = Release|Any CPU
		{98F8A2ED-8E4E-41A0-88F5-383908DE901F}.Release|Any CPU.Build.0 = Release|Any CPU
		{ADE822C6-9CCF-4537-882A-5DE11F0CD978}.Debug|Any CPU.ActiveCfg = Debug|Any CPU
		{ADE822C6-9CCF-4537-882A-5DE11F0CD978}.Debug|Any CPU.Build.0 = Debug|Any CPU
		{ADE822C6-9CCF-4537-882A-5DE11F0CD978}.Release|Any CPU.ActiveCfg = Release|Any CPU
		{ADE822C6-9CCF-4537-882A-5DE11F0CD978}.Release|Any CPU.Build.0 = Release|Any CPU
		{D7620AA9-DB54-486C-AE99-FA87FAC9814F}.Debug|Any CPU.ActiveCfg = Debug|Any CPU
		{D7620AA9-DB54-486C-AE99-FA87FAC9814F}.Debug|Any CPU.Build.0 = Debug|Any CPU
		{D7620AA9-DB54-486C-AE99-FA87FAC9814F}.Release|Any CPU.ActiveCfg = Release|Any CPU
		{D7620AA9-DB54-486C-AE99-FA87FAC9814F}.Release|Any CPU.Build.0 = Release|Any CPU
		{4689CABE-AD5A-4320-A4E5-B738CEC8A2B8}.Debug|Any CPU.ActiveCfg = Debug|Any CPU
		{4689CABE-AD5A-4320-A4E5-B738CEC8A2B8}.Debug|Any CPU.Build.0 = Debug|Any CPU
		{4689CABE-AD5A-4320-A4E5-B738CEC8A2B8}.Release|Any CPU.ActiveCfg = Release|Any CPU
		{4689CABE-AD5A-4320-A4E5-B738CEC8A2B8}.Release|Any CPU.Build.0 = Release|Any CPU
		{FBEF5ED6-945F-4D57-9F09-9E1271EB0C90}.Debug|Any CPU.ActiveCfg = Debug|Any CPU
		{FBEF5ED6-945F-4D57-9F09-9E1271EB0C90}.Debug|Any CPU.Build.0 = Debug|Any CPU
		{FBEF5ED6-945F-4D57-9F09-9E1271EB0C90}.Release|Any CPU.ActiveCfg = Release|Any CPU
		{FBEF5ED6-945F-4D57-9F09-9E1271EB0C90}.Release|Any CPU.Build.0 = Release|Any CPU
		{DF63406D-747F-4563-ADBF-932D82908000}.Debug|Any CPU.ActiveCfg = Debug|Any CPU
		{DF63406D-747F-4563-ADBF-932D82908000}.Debug|Any CPU.Build.0 = Debug|Any CPU
		{DF63406D-747F-4563-ADBF-932D82908000}.Release|Any CPU.ActiveCfg = Release|Any CPU
		{DF63406D-747F-4563-ADBF-932D82908000}.Release|Any CPU.Build.0 = Release|Any CPU
		{4363736B-FC8B-46B1-8712-B0416A939DD0}.Debug|Any CPU.ActiveCfg = Debug|Any CPU
		{4363736B-FC8B-46B1-8712-B0416A939DD0}.Debug|Any CPU.Build.0 = Debug|Any CPU
		{4363736B-FC8B-46B1-8712-B0416A939DD0}.Release|Any CPU.ActiveCfg = Release|Any CPU
		{4363736B-FC8B-46B1-8712-B0416A939DD0}.Release|Any CPU.Build.0 = Release|Any CPU
	EndGlobalSection
	GlobalSection(SolutionProperties) = preSolution
		HideSolutionNode = FALSE
	EndGlobalSection
	GlobalSection(NestedProjects) = preSolution
		{98F8A2ED-8E4E-41A0-88F5-383908DE901F} = {BF99D997-75B3-4D62-B0DA-5FB5EF67FB18}
		{ADE822C6-9CCF-4537-882A-5DE11F0CD978} = {59F900B6-61EC-4D88-854A-D5A5E0F55FA0}
		{4689CABE-AD5A-4320-A4E5-B738CEC8A2B8} = {59F900B6-61EC-4D88-854A-D5A5E0F55FA0}
		{FBEF5ED6-945F-4D57-9F09-9E1271EB0C90} = {BF99D997-75B3-4D62-B0DA-5FB5EF67FB18}
		{DF63406D-747F-4563-ADBF-932D82908000} = {5A545F33-F4D0-4783-BBA5-03263244AC04}
		{4363736B-FC8B-46B1-8712-B0416A939DD0} = {BA6CE1C8-289F-4B98-AE77-59A5DD7F17D6}
	EndGlobalSection
	GlobalSection(ExtensibilityGlobals) = postSolution
		SolutionGuid = {8AB2BAA2-01BC-440B-8DB3-BBFE37B6911A}
	EndGlobalSection
EndGlobal
